
Microsoft Visual Studio Solution File, Format Version 12.00
# Visual Studio Version 17
VisualStudioVersion = 17.5.002.0
MinimumVisualStudioVersion = 10.0.40219.1
Project("{2150E333-8FDC-42A3-9474-1A3956D46DE8}") = "src", "src", "{E98CD19B-E888-4BF0-B0BA-569F3877B08A}"
EndProject
Project("{9A19103F-16F7-4668-BE54-9A1E7A4F7556}") = "PeakCooking", "src\PeakCooking\PeakCooking.csproj", "{A0EDC494-E5D2-4C96-A975-4FA10E8E1D2C}"
EndProject
Global
	GlobalSection(SolutionConfigurationPlatforms) = preSolution
		Debug|Any CPU = Debug|Any CPU
		Release|Any CPU = Release|Any CPU
	EndGlobalSection
	GlobalSection(ProjectConfigurationPlatforms) = postSolution
		{A0EDC494-E5D2-4C96-A975-4FA10E8E1D2C}.Debug|Any CPU.ActiveCfg = Debug|Any CPU
		{A0EDC494-E5D2-4C96-A975-4FA10E8E1D2C}.Debug|Any CPU.Build.0 = Debug|Any CPU
		{A0EDC494-E5D2-4C96-A975-4FA10E8E1D2C}.Release|Any CPU.ActiveCfg = Release|Any CPU
		{A0EDC494-E5D2-4C96-A975-4FA10E8E1D2C}.Release|Any CPU.Build.0 = Release|Any CPU
	EndGlobalSection
	GlobalSection(SolutionProperties) = preSolution
		HideSolutionNode = FALSE
	EndGlobalSection
	GlobalSection(NestedProjects) = preSolution
		{A0EDC494-E5D2-4C96-A975-4FA10E8E1D2C} = {E98CD19B-E888-4BF0-B0BA-569F3877B08A}
	EndGlobalSection
	GlobalSection(ExtensibilityGlobals) = postSolution
		SolutionGuid = {92F6D475-68F0-44D6-A1AF-A28F5948E381}
	EndGlobalSection
EndGlobal
